dependencies:
- name: clickhouse
  repository: file://../clickhouse
  version: 24.1.18
- name: signoz-otel-gateway
  repository: file://../signoz-otel-gateway
  version: 0.0.4
- name: redpanda
  repository: https://charts.redpanda.com
  version: 5.10.2
- name: postgresql
  repository: file://../postgresql
  version: 0.0.2
digest: sha256:28e15d662f8e39072c308f52c52fe5302e903c397967190b7069d55ce8f89a16
generated: "2026-04-13T23:52:35.900339+05:00"
